
Microsoft Visual Studio Solution File, Format Version 12.00
# Visual Studio 2013
VisualStudioVersion = 12.0.30723.0
MinimumVisualStudioVersion = 10.0.40219.1
Project("{FAE04EC0-301F-11D3-BF4B-00C04F79EFBC}") = "My UART", "WindowsFormsApplication1\My UART.csproj", "{C7F255DC-79E5-4F9D-9F08-FB0CB2C700CB}"
EndProject
Global
	GlobalSection(SolutionConfigurationPlatforms) = preSolution
		Debug|Any CPU = Debug|Any CPU
		Release|Any CPU = Release|Any CPU
	EndGlobalSection
	GlobalSection(ProjectConfigurationPlatforms) = postSolution
		{C7F255DC-79E5-4F9D-9F08-FB0CB2C700CB}.Debug|Any CPU.ActiveCfg = Debug|Any CPU
		{C7F255DC-79E5-4F9D-9F08-FB0CB2C700CB}.Debug|Any CPU.Build.0 = Debug|Any CPU
		{C7F255DC-79E5-4F9D-9F08-FB0CB2C700CB}.Release|Any CPU.ActiveCfg = Release|Any CPU
		{C7F255DC-79E5-4F9D-9F08-FB0CB2C700CB}.Release|Any CPU.Build.0 = Release|Any CPU
	EndGlobalSection
	GlobalSection(SolutionProperties) = preSolution
		HideSolutionNode = FALSE
	EndGlobalSection
EndGlobal
